
Microsoft Visual Studio Solution File, Format Version 12.00
# Visual Studio Version 17
VisualStudioVersion = 17.9.34714.143
MinimumVisualStudioVersion = 10.0.40219.1
Project("{9A19103F-16F7-4668-BE54-9A1E7A4F7556}") = "BBPlusAnimations", "BBPlusAnimations.csproj", "{0FEBD0D6-E735-4EE9-A63B-F81A32CB3AE0}"
EndProject
Global
	GlobalSection(SolutionConfigurationPlatforms) = preSolution
		Debug|Any CPU = Debug|Any CPU
		Release|Any CPU = Release|Any CPU
	EndGlobalSection
	GlobalSection(ProjectConfigurationPlatforms) = postSolution
		{0FEBD0D6-E735-4EE9-A63B-F81A32CB3AE0}.Debug|Any CPU.ActiveCfg = Debug|Any CPU
		{0FEBD0D6-E735-4EE9-A63B-F81A32CB3AE0}.Debug|Any CPU.Build.0 = Debug|Any CPU
		{0FEBD0D6-E735-4EE9-A63B-F81A32CB3AE0}.Release|Any CPU.ActiveCfg = Release|Any CPU
		{0FEBD0D6-E735-4EE9-A63B-F81A32CB3AE0}.Release|Any CPU.Build.0 = Release|Any CPU
	EndGlobalSection
	GlobalSection(SolutionProperties) = preSolution
		HideSolutionNode = FALSE
	EndGlobalSection
	GlobalSection(ExtensibilityGlobals) = postSolution
		SolutionGuid = {15ED59BB-C47D-440B-B398-41CEB0B7CE6D}
	EndGlobalSection
EndGlobal
